// !$*UTF8*$!
{
	archiveVersion = 1;
	classes = {
	};
	objectVersion = 56;
	objects = {

/* Begin PBXBuildFile section */
		DA4E7D29292290D300414F31 /* Main.storyboard in Resources */ = {isa = PBXBuildFile; fileRef = DA4E7D28292290D200414F31 /* Main.storyboard */; };
		DA4E7D2B2922BDAC00414F31 /* GoogleService-Info.plist in Resources */ = {isa = PBXBuildFile; fileRef = DA4E7D2A2922BDAB00414F31 /* GoogleService-Info.plist */; };
		DA4E7D642925523200414F31 /* Constants.swift in Sources */ = {isa = PBXBuildFile; fileRef = DA4E7D632925523200414F31 /* Constants.swift */; };
		DA4E7D662925660B00414F31 /* Message.swift in Sources */ = {isa = PBXBuildFile; fileRef = DA4E7D652925660B00414F31 /* Message.swift */; };
		DA4E7D6929256B9200414F31 /* MessageCell.swift in Sources */ = {isa = PBXBuildFile; fileRef = DA4E7D6729256B9200414F31 /* MessageCell.swift */; };
		DA4E7D6A29256B9200414F31 /* MessageCell.xib in Resources */ = {isa = PBXBuildFile; fileRef = DA4E7D6829256B9200414F31 /* MessageCell.xib */; };
		DA8DE5BA2922582500E3DAF6 /* AppDelegate.swift in Sources */ = {isa = PBXBuildFile; fileRef = DA8DE5B92922582500E3DAF6 /* AppDelegate.swift */; };
		DA8DE5BC2922582500E3DAF6 /* SceneDelegate.swift in Sources */ = {isa = PBXBuildFile; fileRef = DA8DE5BB2922582500E3DAF6 /* SceneDelegate.swift */; };
		DA8DE5C32922582700E3DAF6 /* Assets.xcassets in Resources */ = {isa = PBXBuildFile; fileRef = DA8DE5C22922582700E3DAF6 /* Assets.xcassets */; };
		DA8DE5C62922582700E3DAF6 /* LaunchScreen.storyboard in Resources */ = {isa = PBXBuildFile; fileRef = DA8DE5C42922582700E3DAF6 /* LaunchScreen.storyboard */; };
		DA8DE5D12922768900E3DAF6 /* RegisterViewController.swift in Sources */ = {isa = PBXBuildFile; fileRef = DA8DE5D02922768900E3DAF6 /* RegisterViewController.swift */; };
		DA8DE5D32922769C00E3DAF6 /* LoginViewController.swift in Sources */ = {isa = PBXBuildFile; fileRef = DA8DE5D22922769C00E3DAF6 /* LoginViewController.swift */; };
		DA8DE5D5292276AD00E3DAF6 /* ChatViewController.swift in Sources */ = {isa = PBXBuildFile; fileRef = DA8DE5D4292276AD00E3DAF6 /* ChatViewController.swift */; };
		DA8DE5D72922790700E3DAF6 /* WelcomeViewController.swift in Sources */ = {isa = PBXBuildFile; fileRef = DA8DE5D62922790700E3DAF6 /* WelcomeViewController.swift */; };
		DACF0B14292FC79500CBBA22 /* FirebaseAnalytics in Frameworks */ = {isa = PBXBuildFile; productRef = DACF0B13292FC79500CBBA22 /* FirebaseAnalytics */; };
		DACF0B16292FC79500CBBA22 /* FirebaseAnalyticsOnDeviceConversion in Frameworks */ = {isa = PBXBuildFile; productRef = DACF0B15292FC79500CBBA22 /* FirebaseAnalyticsOnDeviceConversion */; };
		DACF0B18292FC79500CBBA22 /* FirebaseAnalyticsSwift in Frameworks */ = {isa = PBXBuildFile; productRef = DACF0B17292FC79500CBBA22 /* FirebaseAnalyticsSwift */; };
		DACF0B1A292FC79500CBBA22 /* FirebaseAnalyticsWithoutAdIdSupport in Frameworks */ = {isa = PBXBuildFile; productRef = DACF0B19292FC79500CBBA22 /* FirebaseAnalyticsWithoutAdIdSupport */; };
		DACF0B1C292FC79500CBBA22 /* FirebaseAppCheck in Frameworks */ = {isa = PBXBuildFile; productRef = DACF0B1B292FC79500CBBA22 /* FirebaseAppCheck */; };
		DACF0B1E292FC79500CBBA22 /* FirebaseAppDistribution-Beta in Frameworks */ = {isa = PBXBuildFile; productRef = DACF0B1D292FC79500CBBA22 /* FirebaseAppDistribution-Beta */; };
		DACF0B20292FC79500CBBA22 /* FirebaseAuth in Frameworks */ = {isa = PBXBuildFile; productRef = DACF0B1F292FC79500CBBA22 /* FirebaseAuth */; };
		DACF0B22292FC79500CBBA22 /* FirebaseAuthCombine-Community in Frameworks */ = {isa = PBXBuildFile; productRef = DACF0B21292FC79500CBBA22 /* FirebaseAuthCombine-Community */; };
		DACF0B24292FC79500CBBA22 /* FirebaseCrashlytics in Frameworks */ = {isa = PBXBuildFile; productRef = DACF0B23292FC79500CBBA22 /* FirebaseCrashlytics */; };
		DACF0B26292FC79500CBBA22 /* FirebaseDatabase in Frameworks */ = {isa = PBXBuildFile; productRef = DACF0B25292FC79500CBBA22 /* FirebaseDatabase */; };
		DACF0B28292FC79500CBBA22 /* FirebaseDatabaseSwift in Frameworks */ = {isa = PBXBuildFile; productRef = DACF0B27292FC79500CBBA22 /* FirebaseDatabaseSwift */; };
		DACF0B2A292FC79500CBBA22 /* FirebaseDynamicLinks in Frameworks */ = {isa = PBXBuildFile; productRef = DACF0B29292FC79500CBBA22 /* FirebaseDynamicLinks */; };
		DACF0B2C292FC79500CBBA22 /* FirebaseFirestore in Frameworks */ = {isa = PBXBuildFile; productRef = DACF0B2B292FC79500CBBA22 /* FirebaseFirestore */; };
		DACF0B2E292FC79500CBBA22 /* FirebaseFirestoreCombine-Community in Frameworks */ = {isa = PBXBuildFile; productRef = DACF0B2D292FC79500CBBA22 /* FirebaseFirestoreCombine-Community */; };
		DACF0B30292FC79500CBBA22 /* FirebaseFirestoreSwift in Frameworks */ = {isa = PBXBuildFile; productRef = DACF0B2F292FC79500CBBA22 /* FirebaseFirestoreSwift */; };
		DACF0B32292FC79500CBBA22 /* FirebaseFunctions in Frameworks */ = {isa = PBXBuildFile; productRef = DACF0B31292FC79500CBBA22 /* FirebaseFunctions */; };
		DACF0B34292FC79500CBBA22 /* FirebaseFunctionsCombine-Community in Frameworks */ = {isa = PBXBuildFile; productRef = DACF0B33292FC79500CBBA22 /* FirebaseFunctionsCombine-Community */; };
		DACF0B36292FC79500CBBA22 /* FirebaseInAppMessaging-Beta in Frameworks */ = {isa = PBXBuildFile; productRef = DACF0B35292FC79500CBBA22 /* FirebaseInAppMessaging-Beta */; };
		DACF0B38292FC79500CBBA22 /* FirebaseInAppMessagingSwift-Beta in Frameworks */ = {isa = PBXBuildFile; productRef = DACF0B37292FC79500CBBA22 /* FirebaseInAppMessagingSwift-Beta */; };
		DACF0B3A292FC79500CBBA22 /* FirebaseInstallations in Frameworks */ = {isa = PBXBuildFile; productRef = DACF0B39292FC79500CBBA22 /* FirebaseInstallations */; };
		DACF0B3C292FC79500CBBA22 /* FirebaseMLModelDownloader in Frameworks */ = {isa = PBXBuildFile; productRef = DACF0B3B292FC79500CBBA22 /* FirebaseMLModelDownloader */; };
		DACF0B3E292FC79500CBBA22 /* FirebaseMessaging in Frameworks */ = {isa = PBXBuildFile; productRef = DACF0B3D292FC79500CBBA22 /* FirebaseMessaging */; };
		DACF0B40292FC79500CBBA22 /* FirebasePerformance in Frameworks */ = {isa = PBXBuildFile; productRef = DACF0B3F292FC79500CBBA22 /* FirebasePerformance */; };
		DACF0B42292FC79500CBBA22 /* FirebaseRemoteConfig in Frameworks */ = {isa = PBXBuildFile; productRef = DACF0B41292FC79500CBBA22 /* FirebaseRemoteConfig */; };
		DACF0B44292FC79500CBBA22 /* FirebaseRemoteConfigSwift in Frameworks */ = {isa = PBXBuildFile; productRef = DACF0B43292FC79500CBBA22 /* FirebaseRemoteConfigSwift */; };
		DACF0B46292FC79500CBBA22 /* FirebaseStorage in Frameworks */ = {isa = PBXBuildFile; productRef = DACF0B45292FC79500CBBA22 /* FirebaseStorage */; };
		DACF0B48292FC79500CBBA22 /* FirebaseStorageCombine-Community in Frameworks */ = {isa = PBXBuildFile; productRef = DACF0B47292FC79500CBBA22 /* FirebaseStorageCombine-Community */; };
		DC33D9A9CD93E5E7F022DCE5 /* Pods_ChatApp.framework in Frameworks */ = {isa = PBXBuildFile; fileRef = 5E6B6615B2F7B16872DB03C1 /* Pods_ChatApp.framework */; };
/* End PBXBuildFile section */

/* Begin PBXFileReference section */
		2E73650D83C96649C026E495 /* Pods-ChatApp.debug.xcconfig */ = {isa = PBXFileReference; includeInIndex = 1; lastKnownFileType = text.xcconfig; name = "Pods-ChatApp.debug.xcconfig"; path = "Target Support Files/Pods-ChatApp/Pods-ChatApp.debug.xcconfig"; sourceTree = "<group>"; };
		380795EC39288D5A7B1A683D /* Pods-ChatApp.release.xcconfig */ = {isa = PBXFileReference; includeInIndex = 1; lastKnownFileType = text.xcconfig; name = "Pods-ChatApp.release.xcconfig"; path = "Target Support Files/Pods-ChatApp/Pods-ChatApp.release.xcconfig"; sourceTree = "<group>"; };
		5E6B6615B2F7B16872DB03C1 /* Pods_ChatApp.framework */ = {isa = PBXFileReference; explicitFileType = wrapper.framework; includeInIndex = 0; path = Pods_ChatApp.framework; sourceTree = BUILT_PRODUCTS_DIR; };
		DA4E7D28292290D200414F31 /* Main.storyboard */ = {isa = PBXFileReference; fileEncoding = 4; lastKnownFileType = file.storyboard; path = Main.storyboard; sourceTree = "<group>"; };
		DA4E7D2A2922BDAB00414F31 /* GoogleService-Info.plist */ = {isa = PBXFileReference; fileEncoding = 4; lastKnownFileType = text.plist.xml; path = "GoogleService-Info.plist"; sourceTree = "<group>"; };
		DA4E7D632925523200414F31 /* Constants.swift */ = {isa = PBXFileReference; lastKnownFileType = sourcecode.swift; path = Constants.swift; sourceTree = "<group>"; };
		DA4E7D652925660B00414F31 /* Message.swift */ = {isa = PBXFileReference; lastKnownFileType = sourcecode.swift; path = Message.swift; sourceTree = "<group>"; };
		DA4E7D6729256B9200414F31 /* MessageCell.swift */ = {isa = PBXFileReference; lastKnownFileType = sourcecode.swift; path = MessageCell.swift; sourceTree = "<group>"; };
		DA4E7D6829256B9200414F31 /* MessageCell.xib */ = {isa = PBXFileReference; lastKnownFileType = file.xib; path = MessageCell.xib; sourceTree = "<group>"; };
		DA8DE5B62922582500E3DAF6 /* ChatApp.app */ = {isa = PBXFileReference; explicitFileType = wrapper.application; includeInIndex = 0; path = ChatApp.app; sourceTree = BUILT_PRODUCTS_DIR; };
		DA8DE5B92922582500E3DAF6 /* AppDelegate.swift */ = {isa = PBXFileReference; lastKnownFileType = sourcecode.swift; path = AppDelegate.swift; sourceTree = "<group>"; };
		DA8DE5BB2922582500E3DAF6 /* SceneDelegate.swift */ = {isa = PBXFileReference; lastKnownFileType = sourcecode.swift; path = SceneDelegate.swift; sourceTree = "<group>"; };
		DA8DE5C22922582700E3DAF6 /* Assets.xcassets */ = {isa = PBXFileReference; lastKnownFileType = folder.assetcatalog; path = Assets.xcassets; sourceTree = "<group>"; };
		DA8DE5C52922582700E3DAF6 /* Base */ = {isa = PBXFileReference; lastKnownFileType = file.storyboard; name = Base; path = Base.lproj/LaunchScreen.storyboard; sourceTree = "<group>"; };
		DA8DE5C72922582700E3DAF6 /* Info.plist */ = {isa = PBXFileReference; lastKnownFileType = text.plist.xml; path = Info.plist; sourceTree = "<group>"; };
		DA8DE5D02922768900E3DAF6 /* RegisterViewController.swift */ = {isa = PBXFileReference; lastKnownFileType = sourcecode.swift; path = RegisterViewController.swift; sourceTree = "<group>"; };
		DA8DE5D22922769C00E3DAF6 /* LoginViewController.swift */ = {isa = PBXFileReference; lastKnownFileType = sourcecode.swift; path = LoginViewController.swift; sourceTree = "<group>"; };
		DA8DE5D4292276AD00E3DAF6 /* ChatViewController.swift */ = {isa = PBXFileReference; lastKnownFileType = sourcecode.swift; path = ChatViewController.swift; sourceTree = "<group>"; };
		DA8DE5D62922790700E3DAF6 /* WelcomeViewController.swift */ = {isa = PBXFileReference; lastKnownFileType = sourcecode.swift; path = WelcomeViewController.swift; sourceTree = "<group>"; };
/* End PBXFileReference section */

/* Begin PBXFrameworksBuildPhase section */
		DA8DE5B32922582500E3DAF6 /* Frameworks */ = {
			isa = PBXFrameworksBuildPhase;
			buildActionMask = 2147483647;
			files = (
				DACF0B32292FC79500CBBA22 /* FirebaseFunctions in Frameworks */,
				DACF0B28292FC79500CBBA22 /* FirebaseDatabaseSwift in Frameworks */,
				DACF0B38292FC79500CBBA22 /* FirebaseInAppMessagingSwift-Beta in Frameworks */,
				DACF0B3E292FC79500CBBA22 /* FirebaseMessaging in Frameworks */,
				DACF0B1E292FC79500CBBA22 /* FirebaseAppDistribution-Beta in Frameworks */,
				DACF0B22292FC79500CBBA22 /* FirebaseAuthCombine-Community in Frameworks */,
				DACF0B2E292FC79500CBBA22 /* FirebaseFirestoreCombine-Community in Frameworks */,
				DACF0B18292FC79500CBBA22 /* FirebaseAnalyticsSwift in Frameworks */,
				DACF0B3C292FC79500CBBA22 /* FirebaseMLModelDownloader in Frameworks */,
				DACF0B1A292FC79500CBBA22 /* FirebaseAnalyticsWithoutAdIdSupport in Frameworks */,
				DACF0B14292FC79500CBBA22 /* FirebaseAnalytics in Frameworks */,
				DACF0B30292FC79500CBBA22 /* FirebaseFirestoreSwift in Frameworks */,
				DACF0B16292FC79500CBBA22 /* FirebaseAnalyticsOnDeviceConversion in Frameworks */,
				DACF0B1C292FC79500CBBA22 /* FirebaseAppCheck in Frameworks */,
				DACF0B40292FC79500CBBA22 /* FirebasePerformance in Frameworks */,
				DACF0B36292FC79500CBBA22 /* FirebaseInAppMessaging-Beta in Frameworks */,
				DACF0B34292FC79500CBBA22 /* FirebaseFunctionsCombine-Community in Frameworks */,
				DACF0B24292FC79500CBBA22 /* FirebaseCrashlytics in Frameworks */,
				DACF0B3A292FC79500CBBA22 /* FirebaseInstallations in Frameworks */,
				DACF0B42292FC79500CBBA22 /* FirebaseRemoteConfig in Frameworks */,
				DACF0B46292FC79500CBBA22 /* FirebaseStorage in Frameworks */,
				DACF0B26292FC79500CBBA22 /* FirebaseDatabase in Frameworks */,
				DACF0B48292FC79500CBBA22 /* FirebaseStorageCombine-Community in Frameworks */,
				DC33D9A9CD93E5E7F022DCE5 /* Pods_ChatApp.framework in Frameworks */,
				DACF0B20292FC79500CBBA22 /* FirebaseAuth in Frameworks */,
				DACF0B2A292FC79500CBBA22 /* FirebaseDynamicLinks in Frameworks */,
				DACF0B2C292FC79500CBBA22 /* FirebaseFirestore in Frameworks */,
				DACF0B44292FC79500CBBA22 /* FirebaseRemoteConfigSwift in Frameworks */,
			);
			runOnlyForDeploymentPostprocessing = 0;
		};
/* End PBXFrameworksBuildPhase section */

/* Begin PBXGroup section */
		2D8EC5CF3B1782FC7BB90CE8 /* Frameworks */ = {
			isa = PBXGroup;
			children = (
				5E6B6615B2F7B16872DB03C1 /* Pods_ChatApp.framework */,
			);
			name = Frameworks;
			sourceTree = "<group>";
		};
		5D552AD41D5E4BED4BEB3DA7 /* Pods */ = {
			isa = PBXGroup;
			children = (
				2E73650D83C96649C026E495 /* Pods-ChatApp.debug.xcconfig */,
				380795EC39288D5A7B1A683D /* Pods-ChatApp.release.xcconfig */,
			);
			path = Pods;
			sourceTree = "<group>";
		};
		DA8DE5AD2922582500E3DAF6 = {
			isa = PBXGroup;
			children = (
				DA8DE5B82922582500E3DAF6 /* ChatApp */,
				DA8DE5B72922582500E3DAF6 /* Products */,
				5D552AD41D5E4BED4BEB3DA7 /* Pods */,
				2D8EC5CF3B1782FC7BB90CE8 /* Frameworks */,
			);
			sourceTree = "<group>";
		};
		DA8DE5B72922582500E3DAF6 /* Products */ = {
			isa = PBXGroup;
			children = (
				DA8DE5B62922582500E3DAF6 /* ChatApp.app */,
			);
			name = Products;
			sourceTree = "<group>";
		};
		DA8DE5B82922582500E3DAF6 /* ChatApp */ = {
			isa = PBXGroup;
			children = (
				DA8DE5B92922582500E3DAF6 /* AppDelegate.swift */,
				DA8DE5BB2922582500E3DAF6 /* SceneDelegate.swift */,
				DA8DE5CE292274FA00E3DAF6 /* Model */,
				DA8DE5CD292274EB00E3DAF6 /* Views */,
				DA8DE5CF2922751200E3DAF6 /* Controller */,
				DA8DE5C22922582700E3DAF6 /* Assets.xcassets */,
				DA8DE5C42922582700E3DAF6 /* LaunchScreen.storyboard */,
				DA8DE5C72922582700E3DAF6 /* Info.plist */,
				DA4E7D2A2922BDAB00414F31 /* GoogleService-Info.plist */,
				DA4E7D632925523200414F31 /* Constants.swift */,
			);
			path = ChatApp;
			sourceTree = "<group>";
		};
		DA8DE5CD292274EB00E3DAF6 /* Views */ = {
			isa = PBXGroup;
			children = (
				DA4E7D28292290D200414F31 /* Main.storyboard */,
				DA4E7D6729256B9200414F31 /* MessageCell.swift */,
				DA4E7D6829256B9200414F31 /* MessageCell.xib */,
			);
			path = Views;
			sourceTree = "<group>";
		};
		DA8DE5CE292274FA00E3DAF6 /* Model */ = {
			isa = PBXGroup;
			children = (
				DA4E7D652925660B00414F31 /* Message.swift */,
			);
			name = Model;
			path = ..;
			sourceTree = "<group>";
		};
		DA8DE5CF2922751200E3DAF6 /* Controller */ = {
			isa = PBXGroup;
			children = (
				DA8DE5D62922790700E3DAF6 /* WelcomeViewController.swift */,
				DA8DE5D02922768900E3DAF6 /* RegisterViewController.swift */,
				DA8DE5D22922769C00E3DAF6 /* LoginViewController.swift */,
				DA8DE5D4292276AD00E3DAF6 /* ChatViewController.swift */,
			);
			name = Controller;
			path = ..;
			sourceTree = "<group>";
		};
/* End PBXGroup section */

/* Begin PBXNativeTarget section */
		DA8DE5B52922582500E3DAF6 /* ChatApp */ = {
			isa = PBXNativeTarget;
			buildConfigurationList = DA8DE5CA2922582700E3DAF6 /* Build configuration list for PBXNativeTarget "ChatApp" */;
			buildPhases = (
				3F69FD135EA4AB4AAA796036 /* [CP] Check Pods Manifest.lock */,
				DA8DE5B22922582500E3DAF6 /* Sources */,
				DA8DE5B32922582500E3DAF6 /* Frameworks */,
				DA8DE5B42922582500E3DAF6 /* Resources */,
				958F7664D7243505006B67D0 /* [CP] Embed Pods Frameworks */,
			);
			buildRules = (
			);
			dependencies = (
			);
			name = ChatApp;
			packageProductDependencies = (
				DACF0B13292FC79500CBBA22 /* FirebaseAnalytics */,
				DACF0B15292FC79500CBBA22 /* FirebaseAnalyticsOnDeviceConversion */,
				DACF0B17292FC79500CBBA22 /* FirebaseAnalyticsSwift */,
				DACF0B19292FC79500CBBA22 /* FirebaseAnalyticsWithoutAdIdSupport */,
				DACF0B1B292FC79500CBBA22 /* FirebaseAppCheck */,
				DACF0B1D292FC79500CBBA22 /* FirebaseAppDistribution-Beta */,
				DACF0B1F292FC79500CBBA22 /* FirebaseAuth */,
				DACF0B21292FC79500CBBA22 /* FirebaseAuthCombine-Community */,
				DACF0B23292FC79500CBBA22 /* FirebaseCrashlytics */,
				DACF0B25292FC79500CBBA22 /* FirebaseDatabase */,
				DACF0B27292FC79500CBBA22 /* FirebaseDatabaseSwift */,
				DACF0B29292FC79500CBBA22 /* FirebaseDynamicLinks */,
				DACF0B2B292FC79500CBBA22 /* FirebaseFirestore */,
				DACF0B2D292FC79500CBBA22 /* FirebaseFirestoreCombine-Community */,
				DACF0B2F292FC79500CBBA22 /* FirebaseFirestoreSwift */,
				DACF0B31292FC79500CBBA22 /* FirebaseFunctions */,
				DACF0B33292FC79500CBBA22 /* FirebaseFunctionsCombine-Community */,
				DACF0B35292FC79500CBBA22 /* FirebaseInAppMessaging-Beta */,
				DACF0B37292FC79500CBBA22 /* FirebaseInAppMessagingSwift-Beta */,
				DACF0B39292FC79500CBBA22 /* FirebaseInstallations */,
				DACF0B3B292FC79500CBBA22 /* FirebaseMLModelDownloader */,
				DACF0B3D292FC79500CBBA22 /* FirebaseMessaging */,
				DACF0B3F292FC79500CBBA22 /* FirebasePerformance */,
				DACF0B41292FC79500CBBA22 /* FirebaseRemoteConfig */,
				DACF0B43292FC79500CBBA22 /* FirebaseRemoteConfigSwift */,
				DACF0B45292FC79500CBBA22 /* FirebaseStorage */,
				DACF0B47292FC79500CBBA22 /* FirebaseStorageCombine-Community */,
			);
			productName = ChatApp;
			productReference = DA8DE5B62922582500E3DAF6 /* ChatApp.app */;
			productType = "com.apple.product-type.application";
		};
/* End PBXNativeTarget section */

/* Begin PBXProject section */
		DA8DE5AE2922582500E3DAF6 /* Project object */ = {
			isa = PBXProject;
			attributes = {
				BuildIndependentTargetsInParallel = 1;
				LastSwiftUpdateCheck = 1400;
				LastUpgradeCheck = 1400;
				TargetAttributes = {
					DA8DE5B52922582500E3DAF6 = {
						CreatedOnToolsVersion = 14.0.1;
					};
				};
			};
			buildConfigurationList = DA8DE5B12922582500E3DAF6 /* Build configuration list for PBXProject "ChatApp" */;
			compatibilityVersion = "Xcode 14.0";
			developmentRegion = en;
			hasScannedForEncodings = 0;
			knownRegions = (
				en,
				Base,
			);
			mainGroup = DA8DE5AD2922582500E3DAF6;
			packageReferences = (
				DACF0B12292FC79500CBBA22 /* XCRemoteSwiftPackageReference "firebase-ios-sdk" */,
			);
			productRefGroup = DA8DE5B72922582500E3DAF6 /* Products */;
			projectDirPath = "";
			projectRoot = "";
			targets = (
				DA8DE5B52922582500E3DAF6 /* ChatApp */,
			);
		};
/* End PBXProject section */

/* Begin PBXResourcesBuildPhase section */
		DA8DE5B42922582500E3DAF6 /* Resources */ = {
			isa = PBXResourcesBuildPhase;
			buildActionMask = 2147483647;
			files = (
				DA4E7D6A29256B9200414F31 /* MessageCell.xib in Resources */,
				DA4E7D29292290D300414F31 /* Main.storyboard in Resources */,
				DA4E7D2B2922BDAC00414F31 /* GoogleService-Info.plist in Resources */,
				DA8DE5C62922582700E3DAF6 /* LaunchScreen.storyboard in Resources */,
				DA8DE5C32922582700E3DAF6 /* Assets.xcassets in Resources */,
			);
			runOnlyForDeploymentPostprocessing = 0;
		};
/* End PBXResourcesBuildPhase section */

/* Begin PBXShellScriptBuildPhase section */
		3F69FD135EA4AB4AAA796036 /* [CP] Check Pods Manifest.lock */ = {
			isa = PBXShellScriptBuildPhase;
			buildActionMask = 2147483647;
			files = (
			);
			inputFileListPaths = (
			);
			inputPaths = (
				"${PODS_PODFILE_DIR_PATH}/Podfile.lock",
				"${PODS_ROOT}/Manifest.lock",
			);
			name = "[CP] Check Pods Manifest.lock";
			outputFileListPaths = (
			);
			outputPaths = (
				"$(DERIVED_FILE_DIR)/Pods-ChatApp-checkManifestLockResult.txt",
			);
			runOnlyForDeploymentPostprocessing = 0;
			shellPath = /bin/sh;
			shellScript = "diff \"${PODS_PODFILE_DIR_PATH}/Podfile.lock\" \"${PODS_ROOT}/Manifest.lock\" > /dev/null\nif [ $? != 0 ] ; then\n    # print error to STDERR\n    echo \"error: The sandbox is not in sync with the Podfile.lock. Run 'pod install' or update your CocoaPods installation.\" >&2\n    exit 1\nfi\n# This output is used by Xcode 'outputs' to avoid re-running this script phase.\necho \"SUCCESS\" > \"${SCRIPT_OUTPUT_FILE_0}\"\n";
			showEnvVarsInLog = 0;
		};
		958F7664D7243505006B67D0 /* [CP] Embed Pods Frameworks */ = {
			isa = PBXShellScriptBuildPhase;
			buildActionMask = 2147483647;
			files = (
			);
			inputFileListPaths = (
				"${PODS_ROOT}/Target Support Files/Pods-ChatApp/Pods-ChatApp-frameworks-${CONFIGURATION}-input-files.xcfilelist",
			);
			name = "[CP] Embed Pods Frameworks";
			outputFileListPaths = (
				"${PODS_ROOT}/Target Support Files/Pods-ChatApp/Pods-ChatApp-frameworks-${CONFIGURATION}-output-files.xcfilelist",
			);
			runOnlyForDeploymentPostprocessing = 0;
			shellPath = /bin/sh;
			shellScript = "\"${PODS_ROOT}/Target Support Files/Pods-ChatApp/Pods-ChatApp-frameworks.sh\"\n";
			showEnvVarsInLog = 0;
		};
/* End PBXShellScriptBuildPhase section */

/* Begin PBXSourcesBuildPhase section */
		DA8DE5B22922582500E3DAF6 /* Sources */ = {
			isa = PBXSourcesBuildPhase;
			buildActionMask = 2147483647;
			files = (
				DA8DE5BA2922582500E3DAF6 /* AppDelegate.swift in Sources */,
				DA8DE5BC2922582500E3DAF6 /* SceneDelegate.swift in Sources */,
				DA8DE5D32922769C00E3DAF6 /* LoginViewController.swift in Sources */,
				DA8DE5D72922790700E3DAF6 /* WelcomeViewController.swift in Sources */,
				DA4E7D642925523200414F31 /* Constants.swift in Sources */,
				DA4E7D662925660B00414F31 /* Message.swift in Sources */,
				DA8DE5D5292276AD00E3DAF6 /* ChatViewController.swift in Sources */,
				DA8DE5D12922768900E3DAF6 /* RegisterViewController.swift in Sources */,
				DA4E7D6929256B9200414F31 /* MessageCell.swift in Sources */,
			);
			runOnlyForDeploymentPostprocessing = 0;
		};
/* End PBXSourcesBuildPhase section */

/* Begin PBXVariantGroup section */
		DA8DE5C42922582700E3DAF6 /* LaunchScreen.storyboard */ = {
			isa = PBXVariantGroup;
			children = (
				DA8DE5C52922582700E3DAF6 /* Base */,
			);
			name = LaunchScreen.storyboard;
			sourceTree = "<group>";
		};
/* End PBXVariantGroup section */

/* Begin XCBuildConfiguration section */
		DA8DE5C82922582700E3DAF6 /* Debug */ = {
			isa = XCBuildConfiguration;
			buildSettings = {
				ALWAYS_SEARCH_USER_PATHS = NO;
				CLANG_ANALYZER_NONNULL = YES;
				CLANG_ANALYZER_NUMBER_OBJECT_CONVERSION = YES_AGGRESSIVE;
				CLANG_CXX_LANGUAGE_STANDARD = "gnu++20";
				CLANG_ENABLE_MODULES = YES;
				CLANG_ENABLE_OBJC_ARC = YES;
				CLANG_ENABLE_OBJC_WEAK = YES;
				CLANG_WARN_BLOCK_CAPTURE_AUTORELEASING = YES;
				CLANG_WARN_BOOL_CONVERSION = YES;
				CLANG_WARN_COMMA = YES;
				CLANG_WARN_CONSTANT_CONVERSION = YES;
				CLANG_WARN_DEPRECATED_OBJC_IMPLEMENTATIONS = YES;
				CLANG_WARN_DIRECT_OBJC_ISA_USAGE = YES_ERROR;
				CLANG_WARN_DOCUMENTATION_COMMENTS = YES;
				CLANG_WARN_EMPTY_BODY = YES;
				CLANG_WARN_ENUM_CONVERSION = YES;
				CLANG_WARN_INFINITE_RECURSION = YES;
				CLANG_WARN_INT_CONVERSION = YES;
				CLANG_WARN_NON_LITERAL_NULL_CONVERSION = YES;
				CLANG_WARN_OBJC_IMPLICIT_RETAIN_SELF = YES;
				CLANG_WARN_OBJC_LITERAL_CONVERSION = YES;
				CLANG_WARN_OBJC_ROOT_CLASS = YES_ERROR;
				CLANG_WARN_QUOTED_INCLUDE_IN_FRAMEWORK_HEADER = YES;
				CLANG_WARN_RANGE_LOOP_ANALYSIS = YES;
				CLANG_WARN_STRICT_PROTOTYPES = YES;
				CLANG_WARN_SUSPICIOUS_MOVE = YES;
				CLANG_WARN_UNGUARDED_AVAILABILITY = YES_AGGRESSIVE;
				CLANG_WARN_UNREACHABLE_CODE = YES;
				CLANG_WARN__DUPLICATE_METHOD_MATCH = YES;
				COPY_PHASE_STRIP = NO;
				DEBUG_INFORMATION_FORMAT = dwarf;
				ENABLE_STRICT_OBJC_MSGSEND = YES;
				ENABLE_TESTABILITY = YES;
				GCC_C_LANGUAGE_STANDARD = gnu11;
				GCC_DYNAMIC_NO_PIC = NO;
				GCC_NO_COMMON_BLOCKS = YES;
				GCC_OPTIMIZATION_LEVEL = 0;
				GCC_PREPROCESSOR_DEFINITIONS = (
					"DEBUG=1",
					"$(inherited)",
				);
				GCC_WARN_64_TO_32_BIT_CONVERSION = YES;
				GCC_WARN_ABOUT_RETURN_TYPE = YES_ERROR;
				GCC_WARN_UNDECLARED_SELECTOR = YES;
				GCC_WARN_UNINITIALIZED_AUTOS = YES_AGGRESSIVE;
				GCC_WARN_UNUSED_FUNCTION = YES;
				GCC_WARN_UNUSED_VARIABLE = YES;
				IPHONEOS_DEPLOYMENT_TARGET = 16.0;
				MTL_ENABLE_DEBUG_INFO = INCLUDE_SOURCE;
				MTL_FAST_MATH = YES;
				ONLY_ACTIVE_ARCH = YES;
				SDKROOT = iphoneos;
				SWIFT_ACTIVE_COMPILATION_CONDITIONS = DEBUG;
				SWIFT_OPTIMIZATION_LEVEL = "-Onone";
			};
			name = Debug;
		};
		DA8DE5C92922582700E3DAF6 /* Release */ = {
			isa = XCBuildConfiguration;
			buildSettings = {
				ALWAYS_SEARCH_USER_PATHS = NO;
				CLANG_ANALYZER_NONNULL = YES;
				CLANG_ANALYZER_NUMBER_OBJECT_CONVERSION = YES_AGGRESSIVE;
				CLANG_CXX_LANGUAGE_STANDARD = "gnu++20";
				CLANG_ENABLE_MODULES = YES;
				CLANG_ENABLE_OBJC_ARC = YES;
				CLANG_ENABLE_OBJC_WEAK = YES;
				CLANG_WARN_BLOCK_CAPTURE_AUTORELEASING = YES;
				CLANG_WARN_BOOL_CONVERSION = YES;
				CLANG_WARN_COMMA = YES;
				CLANG_WARN_CONSTANT_CONVERSION = YES;
				CLANG_WARN_DEPRECATED_OBJC_IMPLEMENTATIONS = YES;
				CLANG_WARN_DIRECT_OBJC_ISA_USAGE = YES_ERROR;
				CLANG_WARN_DOCUMENTATION_COMMENTS = YES;
				CLANG_WARN_EMPTY_BODY = YES;
				CLANG_WARN_ENUM_CONVERSION = YES;
				CLANG_WARN_INFINITE_RECURSION = YES;
				CLANG_WARN_INT_CONVERSION = YES;
				CLANG_WARN_NON_LITERAL_NULL_CONVERSION = YES;
				CLANG_WARN_OBJC_IMPLICIT_RETAIN_SELF = YES;
				CLANG_WARN_OBJC_LITERAL_CONVERSION = YES;
				CLANG_WARN_OBJC_ROOT_CLASS = YES_ERROR;
				CLANG_WARN_QUOTED_INCLUDE_IN_FRAMEWORK_HEADER = YES;
				CLANG_WARN_RANGE_LOOP_ANALYSIS = YES;
				CLANG_WARN_STRICT_PROTOTYPES = YES;
				CLANG_WARN_SUSPICIOUS_MOVE = YES;
				CLANG_WARN_UNGUARDED_AVAILABILITY = YES_AGGRESSIVE;
				CLANG_WARN_UNREACHABLE_CODE = YES;
				CLANG_WARN__DUPLICATE_METHOD_MATCH = YES;
				COPY_PHASE_STRIP = NO;
				DEBUG_INFORMATION_FORMAT = "dwarf-with-dsym";
				ENABLE_NS_ASSERTIONS = NO;
				ENABLE_STRICT_OBJC_MSGSEND = YES;
				GCC_C_LANGUAGE_STANDARD = gnu11;
				GCC_NO_COMMON_BLOCKS = YES;
				GCC_WARN_64_TO_32_BIT_CONVERSION = YES;
				GCC_WARN_ABOUT_RETURN_TYPE = YES_ERROR;
				GCC_WARN_UNDECLARED_SELECTOR = YES;
				GCC_WARN_UNINITIALIZED_AUTOS = YES_AGGRESSIVE;
				GCC_WARN_UNUSED_FUNCTION = YES;
				GCC_WARN_UNUSED_VARIABLE = YES;
				IPHONEOS_DEPLOYMENT_TARGET = 16.0;
				MTL_ENABLE_DEBUG_INFO = NO;
				MTL_FAST_MATH = YES;
				SDKROOT = iphoneos;
				SWIFT_COMPILATION_MODE = wholemodule;
				SWIFT_OPTIMIZATION_LEVEL = "-O";
				VALIDATE_PRODUCT = YES;
			};
			name = Release;
		};
		DA8DE5CB2922582700E3DAF6 /* Debug */ = {
			isa = XCBuildConfiguration;
			baseConfigurationReference = 2E73650D83C96649C026E495 /* Pods-ChatApp.debug.xcconfig */;
			buildSettings = {
				ASSETCATALOG_COMPILER_APPICON_NAME = AppIcon;
				ASSETCATALOG_COMPILER_GLOBAL_ACCENT_COLOR_NAME = AccentColor;
				CODE_SIGN_STYLE = Automatic;
				CURRENT_PROJECT_VERSION = 1;
				DEVELOPMENT_TEAM = W25CN6H3TY;
				GCC_DYNAMIC_NO_PIC = YES;
				GENERATE_INFOPLIST_FILE = YES;
				INFOPLIST_FILE = ChatApp/Info.plist;
				INFOPLIST_KEY_UIApplicationSupportsIndirectInputEvents = YES;
				INFOPLIST_KEY_UILaunchStoryboardName = LaunchScreen;
				INFOPLIST_KEY_UIMainStoryboardFile = Main;
				INFOPLIST_KEY_UIRequiredDeviceCapabilities = armv7;
				INFOPLIST_KEY_UIStatusBarStyle = "";
				INFOPLIST_KEY_UISupportedInterfaceOrientations = UIInterfaceOrientationPortrait;
				INFOPLIST_KEY_UISupportedInterfaceOrientations_iPad = "UIInterfaceOrientationPortrait UIInterfaceOrientationPortraitUpsideDown UIInterfaceOrientationLandscapeLeft UIInterfaceOrientationLandscapeRight";
				INFOPLIST_KEY_UISupportedInterfaceOrientations_iPhone = "UIInterfaceOrientationPortrait UIInterfaceOrientationLandscapeLeft UIInterfaceOrientationLandscapeRight";
				LD_RUNPATH_SEARCH_PATHS = (
					"$(inherited)",
					"@executable_path/Frameworks",
				);
				MARKETING_VERSION = 1.0;
				PRODUCT_BUNDLE_IDENTIFIER = TazOS.ChatApp;
				PRODUCT_NAME = "$(TARGET_NAME)";
				SWIFT_EMIT_LOC_STRINGS = YES;
				SWIFT_VERSION = 5.0;
				TARGETED_DEVICE_FAMILY = "1,2";
			};
			name = Debug;
		};
		DA8DE5CC2922582700E3DAF6 /* Release */ = {
			isa = XCBuildConfiguration;
			baseConfigurationReference = 380795EC39288D5A7B1A683D /* Pods-ChatApp.release.xcconfig */;
			buildSettings = {
				ASSETCATALOG_COMPILER_APPICON_NAME = AppIcon;
				ASSETCATALOG_COMPILER_GLOBAL_ACCENT_COLOR_NAME = AccentColor;
				CODE_SIGN_STYLE = Automatic;
				CURRENT_PROJECT_VERSION = 1;
				DEVELOPMENT_TEAM = W25CN6H3TY;
				GCC_DYNAMIC_NO_PIC = YES;
				GENERATE_INFOPLIST_FILE = YES;
				INFOPLIST_FILE = ChatApp/Info.plist;
				INFOPLIST_KEY_UIApplicationSupportsIndirectInputEvents = YES;
				INFOPLIST_KEY_UILaunchStoryboardName = LaunchScreen;
				INFOPLIST_KEY_UIMainStoryboardFile = Main;
				INFOPLIST_KEY_UIRequiredDeviceCapabilities = armv7;
				INFOPLIST_KEY_UIStatusBarStyle = "";
				INFOPLIST_KEY_UISupportedInterfaceOrientations = UIInterfaceOrientationPortrait;
				INFOPLIST_KEY_UISupportedInterfaceOrientations_iPad = "UIInterfaceOrientationPortrait UIInterfaceOrientationPortraitUpsideDown UIInterfaceOrientationLandscapeLeft UIInterfaceOrientationLandscapeRight";
				INFOPLIST_KEY_UISupportedInterfaceOrientations_iPhone = "UIInterfaceOrientationPortrait UIInterfaceOrientationLandscapeLeft UIInterfaceOrientationLandscapeRight";
				LD_RUNPATH_SEARCH_PATHS = (
					"$(inherited)",
					"@executable_path/Frameworks",
				);
				MARKETING_VERSION = 1.0;
				PRODUCT_BUNDLE_IDENTIFIER = TazOS.ChatApp;
				PRODUCT_NAME = "$(TARGET_NAME)";
				SWIFT_EMIT_LOC_STRINGS = YES;
				SWIFT_VERSION = 5.0;
				TARGETED_DEVICE_FAMILY = "1,2";
			};
			name = Release;
		};
/* End XCBuildConfiguration section */

/* Begin XCConfigurationList section */
		DA8DE5B12922582500E3DAF6 /* Build configuration list for PBXProject "ChatApp" */ = {
			isa = XCConfigurationList;
			buildConfigurations = (
				DA8DE5C82922582700E3DAF6 /* Debug */,
				DA8DE5C92922582700E3DAF6 /* Release */,
			);
			defaultConfigurationIsVisible = 0;
			defaultConfigurationName = Release;
		};
		DA8DE5CA2922582700E3DAF6 /* Build configuration list for PBXNativeTarget "ChatApp" */ = {
			isa = XCConfigurationList;
			buildConfigurations = (
				DA8DE5CB2922582700E3DAF6 /* Debug */,
				DA8DE5CC2922582700E3DAF6 /* Release */,
			);
			defaultConfigurationIsVisible = 0;
			defaultConfigurationName = Release;
		};
/* End XCConfigurationList section */

/* Begin XCRemoteSwiftPackageReference section */
		DACF0B12292FC79500CBBA22 /* XCRemoteSwiftPackageReference "firebase-ios-sdk" */ = {
			isa = XCRemoteSwiftPackageReference;
			repositoryURL = "https://github.com/firebase/firebase-ios-sdk";
			requirement = {
				kind = upToNextMajorVersion;
				minimumVersion = 9.0.0;
			};
		};
/* End XCRemoteSwiftPackageReference section */

/* Begin XCSwiftPackageProductDependency section */
		DACF0B13292FC79500CBBA22 /* FirebaseAnalytics */ = {
			isa = XCSwiftPackageProductDependency;
			package = DACF0B12292FC79500CBBA22 /* XCRemoteSwiftPackageReference "firebase-ios-sdk" */;
			productName = FirebaseAnalytics;
		};
		DACF0B15292FC79500CBBA22 /* FirebaseAnalyticsOnDeviceConversion */ = {
			isa = XCSwiftPackageProductDependency;
			package = DACF0B12292FC79500CBBA22 /* XCRemoteSwiftPackageReference "firebase-ios-sdk" */;
			productName = FirebaseAnalyticsOnDeviceConversion;
		};
		DACF0B17292FC79500CBBA22 /* FirebaseAnalyticsSwift */ = {
			isa = XCSwiftPackageProductDependency;
			package = DACF0B12292FC79500CBBA22 /* XCRemoteSwiftPackageReference "firebase-ios-sdk" */;
			productName = FirebaseAnalyticsSwift;
		};
		DACF0B19292FC79500CBBA22 /* FirebaseAnalyticsWithoutAdIdSupport */ = {
			isa = XCSwiftPackageProductDependency;
			package = DACF0B12292FC79500CBBA22 /* XCRemoteSwiftPackageReference "firebase-ios-sdk" */;
			productName = FirebaseAnalyticsWithoutAdIdSupport;
		};
		DACF0B1B292FC79500CBBA22 /* FirebaseAppCheck */ = {
			isa = XCSwiftPackageProductDependency;
			package = DACF0B12292FC79500CBBA22 /* XCRemoteSwiftPackageReference "firebase-ios-sdk" */;
			productName = FirebaseAppCheck;
		};
		DACF0B1D292FC79500CBBA22 /* FirebaseAppDistribution-Beta */ = {
			isa = XCSwiftPackageProductDependency;
			package = DACF0B12292FC79500CBBA22 /* XCRemoteSwiftPackageReference "firebase-ios-sdk" */;
			productName = "FirebaseAppDistribution-Beta";
		};
		DACF0B1F292FC79500CBBA22 /* FirebaseAuth */ = {
			isa = XCSwiftPackageProductDependency;
			package = DACF0B12292FC79500CBBA22 /* XCRemoteSwiftPackageReference "firebase-ios-sdk" */;
			productName = FirebaseAuth;
		};
		DACF0B21292FC79500CBBA22 /* FirebaseAuthCombine-Community */ = {
			isa = XCSwiftPackageProductDependency;
			package = DACF0B12292FC79500CBBA22 /* XCRemoteSwiftPackageReference "firebase-ios-sdk" */;
			productName = "FirebaseAuthCombine-Community";
		};
		DACF0B23292FC79500CBBA22 /* FirebaseCrashlytics */ = {
			isa = XCSwiftPackageProductDependency;
			package = DACF0B12292FC79500CBBA22 /* XCRemoteSwiftPackageReference "firebase-ios-sdk" */;
			productName = FirebaseCrashlytics;
		};
		DACF0B25292FC79500CBBA22 /* FirebaseDatabase */ = {
			isa = XCSwiftPackageProductDependency;
			package = DACF0B12292FC79500CBBA22 /* XCRemoteSwiftPackageReference "firebase-ios-sdk" */;
			productName = FirebaseDatabase;
		};
		DACF0B27292FC79500CBBA22 /* FirebaseDatabaseSwift */ = {
			isa = XCSwiftPackageProductDependency;
			package = DACF0B12292FC79500CBBA22 /* XCRemoteSwiftPackageReference "firebase-ios-sdk" */;
			productName = FirebaseDatabaseSwift;
		};
		DACF0B29292FC79500CBBA22 /* FirebaseDynamicLinks */ = {
			isa = XCSwiftPackageProductDependency;
			package = DACF0B12292FC79500CBBA22 /* XCRemoteSwiftPackageReference "firebase-ios-sdk" */;
			productName = FirebaseDynamicLinks;
		};
		DACF0B2B292FC79500CBBA22 /* FirebaseFirestore */ = {
			isa = XCSwiftPackageProductDependency;
			package = DACF0B12292FC79500CBBA22 /* XCRemoteSwiftPackageReference "firebase-ios-sdk" */;
			productName = FirebaseFirestore;
		};
		DACF0B2D292FC79500CBBA22 /* FirebaseFirestoreCombine-Community */ = {
			isa = XCSwiftPackageProductDependency;
			package = DACF0B12292FC79500CBBA22 /* XCRemoteSwiftPackageReference "firebase-ios-sdk" */;
			productName = "FirebaseFirestoreCombine-Community";
		};
		DACF0B2F292FC79500CBBA22 /* FirebaseFirestoreSwift */ = {
			isa = XCSwiftPackageProductDependency;
			package = DACF0B12292FC79500CBBA22 /* XCRemoteSwiftPackageReference "firebase-ios-sdk" */;
			productName = FirebaseFirestoreSwift;
		};
		DACF0B31292FC79500CBBA22 /* FirebaseFunctions */ = {
			isa = XCSwiftPackageProductDependency;
			package = DACF0B12292FC79500CBBA22 /* XCRemoteSwiftPackageReference "firebase-ios-sdk" */;
			productName = FirebaseFunctions;
		};
		DACF0B33292FC79500CBBA22 /* FirebaseFunctionsCombine-Community */ = {
			isa = XCSwiftPackageProductDependency;
			package = DACF0B12292FC79500CBBA22 /* XCRemoteSwiftPackageReference "firebase-ios-sdk" */;
			productName = "FirebaseFunctionsCombine-Community";
		};
		DACF0B35292FC79500CBBA22 /* FirebaseInAppMessaging-Beta */ = {
			isa = XCSwiftPackageProductDependency;
			package = DACF0B12292FC79500CBBA22 /* XCRemoteSwiftPackageReference "firebase-ios-sdk" */;
			productName = "FirebaseInAppMessaging-Beta";
		};
		DACF0B37292FC79500CBBA22 /* FirebaseInAppMessagingSwift-Beta */ = {
			isa = XCSwiftPackageProductDependency;
			package = DACF0B12292FC79500CBBA22 /* XCRemoteSwiftPackageReference "firebase-ios-sdk" */;
			productName = "FirebaseInAppMessagingSwift-Beta";
		};
		DACF0B39292FC79500CBBA22 /* FirebaseInstallations */ = {
			isa = XCSwiftPackageProductDependency;
			package = DACF0B12292FC79500CBBA22 /* XCRemoteSwiftPackageReference "firebase-ios-sdk" */;
			productName = FirebaseInstallations;
		};
		DACF0B3B292FC79500CBBA22 /* FirebaseMLModelDownloader */ = {
			isa = XCSwiftPackageProductDependency;
			package = DACF0B12292FC79500CBBA22 /* XCRemoteSwiftPackageReference "firebase-ios-sdk" */;
			productName = FirebaseMLModelDownloader;
		};
		DACF0B3D292FC79500CBBA22 /* FirebaseMessaging */ = {
			isa = XCSwiftPackageProductDependency;
			package = DACF0B12292FC79500CBBA22 /* XCRemoteSwiftPackageReference "firebase-ios-sdk" */;
			productName = FirebaseMessaging;
		};
		DACF0B3F292FC79500CBBA22 /* FirebasePerformance */ = {
			isa = XCSwiftPackageProductDependency;
			package = DACF0B12292FC79500CBBA22 /* XCRemoteSwiftPackageReference "firebase-ios-sdk" */;
			productName = FirebasePerformance;
		};
		DACF0B41292FC79500CBBA22 /* FirebaseRemoteConfig */ = {
			isa = XCSwiftPackageProductDependency;
			package = DACF0B12292FC79500CBBA22 /* XCRemoteSwiftPackageReference "firebase-ios-sdk" */;
			productName = FirebaseRemoteConfig;
		};
		DACF0B43292FC79500CBBA22 /* FirebaseRemoteConfigSwift */ = {
			isa = XCSwiftPackageProductDependency;
			package = DACF0B12292FC79500CBBA22 /* XCRemoteSwiftPackageReference "firebase-ios-sdk" */;
			productName = FirebaseRemoteConfigSwift;
		};
		DACF0B45292FC79500CBBA22 /* FirebaseStorage */ = {
			isa = XCSwiftPackageProductDependency;
			package = DACF0B12292FC79500CBBA22 /* XCRemoteSwiftPackageReference "firebase-ios-sdk" */;
			productName = FirebaseStorage;
		};
		DACF0B47292FC79500CBBA22 /* FirebaseStorageCombine-Community */ = {
			isa = XCSwiftPackageProductDependency;
			package = DACF0B12292FC79500CBBA22 /* XCRemoteSwiftPackageReference "firebase-ios-sdk" */;
			productName = "FirebaseStorageCombine-Community";
		};
/* End XCSwiftPackageProductDependency section */
	};
	rootObject = DA8DE5AE2922582500E3DAF6 /* Project object */;
}
